
Microsoft Visual Studio Solution File, Format Version 12.00
# Visual Studio Version 17
VisualStudioVersion = 17.9.34728.123
MinimumVisualStudioVersion = 10.0.40219.1
Project("{FAE04EC0-301F-11D3-BF4B-00C04F79EFBC}") = "ServerWorker", "ServerWorker\ServerWorker.csproj", "{41C202EC-135D-4733-A869-77BF34B4EA55}"
EndProject
Global
	GlobalSection(SolutionConfigurationPlatforms) = preSolution
		Debug|Any CPU = Debug|Any CPU
		Release|Any CPU = Release|Any CPU
	EndGlobalSection
	GlobalSection(ProjectConfigurationPlatforms) = postSolution
		{41C202EC-135D-4733-A869-77BF34B4EA55}.Debug|Any CPU.ActiveCfg = Debug|Any CPU
		{41C202EC-135D-4733-A869-77BF34B4EA55}.Debug|Any CPU.Build.0 = Debug|Any CPU
		{41C202EC-135D-4733-A869-77BF34B4EA55}.Release|Any CPU.ActiveCfg = Release|Any CPU
		{41C202EC-135D-4733-A869-77BF34B4EA55}.Release|Any CPU.Build.0 = Release|Any CPU
	EndGlobalSection
	GlobalSection(SolutionProperties) = preSolution
		HideSolutionNode = FALSE
	EndGlobalSection
	GlobalSection(ExtensibilityGlobals) = postSolution
		SolutionGuid = {7182645C-4CBE-4C73-AFF1-D6C024B302BA}
	EndGlobalSection
EndGlobal
